// !$*UTF8*$!
{
	archiveVersion = 1;
	classes = {
	};
	objectVersion = 51;
	objects = {

/* Begin PBXBuildFile section */
		538DE4FC73F412CD6D287F06 /* Pods_R2020Bokete01.framework in Frameworks */ = {isa = PBXBuildFile; fileRef = 3323D561B2E562F7D4D0AC01 /* Pods_R2020Bokete01.framework */; };
		8D42C82E249270B7004DAD17 /* ShareViewController.swift in Sources */ = {isa = PBXBuildFile; fileRef = 8D42C82D249270B7004DAD17 /* ShareViewController.swift */; };
		8D5BCA302492186400D263DA /* AppDelegate.swift in Sources */ = {isa = PBXBuildFile; fileRef = 8D5BCA2F2492186400D263DA /* AppDelegate.swift */; };
		8D5BCA322492186400D263DA /* SceneDelegate.swift in Sources */ = {isa = PBXBuildFile; fileRef = 8D5BCA312492186400D263DA /* SceneDelegate.swift */; };
		8D5BCA342492186400D263DA /* ViewController.swift in Sources */ = {isa = PBXBuildFile; fileRef = 8D5BCA332492186400D263DA /* ViewController.swift */; };
		8D5BCA372492186400D263DA /* Main.storyboard in Resources */ = {isa = PBXBuildFile; fileRef = 8D5BCA352492186400D263DA /* Main.storyboard */; };
		8D5BCA392492186700D263DA /* Assets.xcassets in Resources */ = {isa = PBXBuildFile; fileRef = 8D5BCA382492186700D263DA /* Assets.xcassets */; };
		8D5BCA3C2492186700D263DA /* LaunchScreen.storyboard in Resources */ = {isa = PBXBuildFile; fileRef = 8D5BCA3A2492186700D263DA /* LaunchScreen.storyboard */; };
/* End PBXBuildFile section */

/* Begin PBXFileReference section */
		3323D561B2E562F7D4D0AC01 /* Pods_R2020Bokete01.framework */ = {isa = PBXFileReference; explicitFileType = wrapper.framework; includeInIndex = 0; path = Pods_R2020Bokete01.framework; sourceTree = BUILT_PRODUCTS_DIR; };
		76D944EF97E0A8DCC39B24D3 /* Pods-R2020Bokete01.debug.xcconfig */ = {isa = PBXFileReference; includeInIndex = 1; lastKnownFileType = text.xcconfig; name = "Pods-R2020Bokete01.debug.xcconfig"; path = "Target Support Files/Pods-R2020Bokete01/Pods-R2020Bokete01.debug.xcconfig"; sourceTree = "<group>"; };
		8D42C82D249270B7004DAD17 /* ShareViewController.swift */ = {isa = PBXFileReference; lastKnownFileType = sourcecode.swift; path = ShareViewController.swift; sourceTree = "<group>"; };
		8D5BCA2C2492186400D263DA /* R2020Bokete01.app */ = {isa = PBXFileReference; explicitFileType = wrapper.application; includeInIndex = 0; path = R2020Bokete01.app; sourceTree = BUILT_PRODUCTS_DIR; };
		8D5BCA2F2492186400D263DA /* AppDelegate.swift */ = {isa = PBXFileReference; lastKnownFileType = sourcecode.swift; path = AppDelegate.swift; sourceTree = "<group>"; };
		8D5BCA312492186400D263DA /* SceneDelegate.swift */ = {isa = PBXFileReference; lastKnownFileType = sourcecode.swift; path = SceneDelegate.swift; sourceTree = "<group>"; };
		8D5BCA332492186400D263DA /* ViewController.swift */ = {isa = PBXFileReference; lastKnownFileType = sourcecode.swift; path = ViewController.swift; sourceTree = "<group>"; };
		8D5BCA362492186400D263DA /* Base */ = {isa = PBXFileReference; lastKnownFileType = file.storyboard; name = Base; path = Base.lproj/Main.storyboard; sourceTree = "<group>"; };
		8D5BCA382492186700D263DA /* Assets.xcassets */ = {isa = PBXFileReference; lastKnownFileType = folder.assetcatalog; path = Assets.xcassets; sourceTree = "<group>"; };
		8D5BCA3B2492186700D263DA /* Base */ = {isa = PBXFileReference; lastKnownFileType = file.storyboard; name = Base; path = Base.lproj/LaunchScreen.storyboard; sourceTree = "<group>"; };
		8D5BCA3D2492186700D263DA /* Info.plist */ = {isa = PBXFileReference; lastKnownFileType = text.plist.xml; path = Info.plist; sourceTree = "<group>"; };
		B2EE1EFBB60C461CB42E3750 /* Pods-R2020Bokete01.release.xcconfig */ = {isa = PBXFileReference; includeInIndex = 1; lastKnownFileType = text.xcconfig; name = "Pods-R2020Bokete01.release.xcconfig"; path = "Target Support Files/Pods-R2020Bokete01/Pods-R2020Bokete01.release.xcconfig"; sourceTree = "<group>"; };
/* End PBXFileReference section */

/* Begin PBXFrameworksBuildPhase section */
		8D5BCA292492186400D263DA /* Frameworks */ = {
			isa = PBXFrameworksBuildPhase;
			buildActionMask = 2147483647;
			files = (
				538DE4FC73F412CD6D287F06 /* Pods_R2020Bokete01.framework in Frameworks */,
			);
			runOnlyForDeploymentPostprocessing = 0;
		};
/* End PBXFrameworksBuildPhase section */

/* Begin PBXGroup section */
		0915AEDDE8BCA1AE062B48BA /* Pods */ = {
			isa = PBXGroup;
			children = (
				76D944EF97E0A8DCC39B24D3 /* Pods-R2020Bokete01.debug.xcconfig */,
				B2EE1EFBB60C461CB42E3750 /* Pods-R2020Bokete01.release.xcconfig */,
			);
			path = Pods;
			sourceTree = "<group>";
		};
		0B379A8DF6F2F16648D7BC8E /* Frameworks */ = {
			isa = PBXGroup;
			children = (
				3323D561B2E562F7D4D0AC01 /* Pods_R2020Bokete01.framework */,
			);
			name = Frameworks;
			sourceTree = "<group>";
		};
		8D5BCA232492186400D263DA = {
			isa = PBXGroup;
			children = (
				8D5BCA2E2492186400D263DA /* R2020Bokete01 */,
				8D5BCA2D2492186400D263DA /* Products */,
				0915AEDDE8BCA1AE062B48BA /* Pods */,
				0B379A8DF6F2F16648D7BC8E /* Frameworks */,
			);
			sourceTree = "<group>";
		};
		8D5BCA2D2492186400D263DA /* Products */ = {
			isa = PBXGroup;
			children = (
				8D5BCA2C2492186400D263DA /* R2020Bokete01.app */,
			);
			name = Products;
			sourceTree = "<group>";
		};
		8D5BCA2E2492186400D263DA /* R2020Bokete01 */ = {
			isa = PBXGroup;
			children = (
				8D5BCA2F2492186400D263DA /* AppDelegate.swift */,
				8D5BCA312492186400D263DA /* SceneDelegate.swift */,
				8D5BCA332492186400D263DA /* ViewController.swift */,
				8D42C82D249270B7004DAD17 /* ShareViewController.swift */,
				8D5BCA352492186400D263DA /* Main.storyboard */,
				8D5BCA382492186700D263DA /* Assets.xcassets */,
				8D5BCA3A2492186700D263DA /* LaunchScreen.storyboard */,
				8D5BCA3D2492186700D263DA /* Info.plist */,
			);
			path = R2020Bokete01;
			sourceTree = "<group>";
		};
/* End PBXGroup section */

/* Begin PBXNativeTarget section */
		8D5BCA2B2492186400D263DA /* R2020Bokete01 */ = {
			isa = PBXNativeTarget;
			buildConfigurationList = 8D5BCA402492186700D263DA /* Build configuration list for PBXNativeTarget "R2020Bokete01" */;
			buildPhases = (
				B434CD12E85C157B3C267AFD /* [CP] Check Pods Manifest.lock */,
				8D5BCA282492186400D263DA /* Sources */,
				8D5BCA292492186400D263DA /* Frameworks */,
				8D5BCA2A2492186400D263DA /* Resources */,
				C0F5ABF1E04E571F3CB15A8C /* [CP] Embed Pods Frameworks */,
			);
			buildRules = (
			);
			dependencies = (
			);
			name = R2020Bokete01;
			productName = R2020Bokete01;
			productReference = 8D5BCA2C2492186400D263DA /* R2020Bokete01.app */;
			productType = "com.apple.product-type.application";
		};
/* End PBXNativeTarget section */

/* Begin PBXProject section */
		8D5BCA242492186400D263DA /* Project object */ = {
			isa = PBXProject;
			attributes = {
				LastSwiftUpdateCheck = 1150;
				LastUpgradeCheck = 1150;
				ORGANIZATIONNAME = "中塚富士雄";
				TargetAttributes = {
					8D5BCA2B2492186400D263DA = {
						CreatedOnToolsVersion = 11.5;
					};
				};
			};
			buildConfigurationList = 8D5BCA272492186400D263DA /* Build configuration list for PBXProject "R2020Bokete01" */;
			compatibilityVersion = "Xcode 9.3";
			developmentRegion = en;
			hasScannedForEncodings = 0;
			knownRegions = (
				en,
				Base,
			);
			mainGroup = 8D5BCA232492186400D263DA;
			productRefGroup = 8D5BCA2D2492186400D263DA /* Products */;
			projectDirPath = "";
			projectRoot = "";
			targets = (
				8D5BCA2B2492186400D263DA /* R2020Bokete01 */,
			);
		};
/* End PBXProject section */

/* Begin PBXResourcesBuildPhase section */
		8D5BCA2A2492186400D263DA /* Resources */ = {
			isa = PBXResourcesBuildPhase;
			buildActionMask = 2147483647;
			files = (
				8D5BCA3C2492186700D263DA /* LaunchScreen.storyboard in Resources */,
				8D5BCA392492186700D263DA /* Assets.xcassets in Resources */,
				8D5BCA372492186400D263DA /* Main.storyboard in Resources */,
			);
			runOnlyForDeploymentPostprocessing = 0;
		};
/* End PBXResourcesBuildPhase section */

/* Begin PBXShellScriptBuildPhase section */
		B434CD12E85C157B3C267AFD /* [CP] Check Pods Manifest.lock */ = {
			isa = PBXShellScriptBuildPhase;
			buildActionMask = 2147483647;
			files = (
			);
			inputFileListPaths = (
			);
			inputPaths = (
				"${PODS_PODFILE_DIR_PATH}/Podfile.lock",
				"${PODS_ROOT}/Manifest.lock",
			);
			name = "[CP] Check Pods Manifest.lock";
			outputFileListPaths = (
			);
			outputPaths = (
				"$(DERIVED_FILE_DIR)/Pods-R2020Bokete01-checkManifestLockResult.txt",
			);
			runOnlyForDeploymentPostprocessing = 0;
			shellPath = /bin/sh;
			shellScript = "diff \"${PODS_PODFILE_DIR_PATH}/Podfile.lock\" \"${PODS_ROOT}/Manifest.lock\" > /dev/null\nif [ $? != 0 ] ; then\n    # print error to STDERR\n    echo \"error: The sandbox is not in sync with the Podfile.lock. Run 'pod install' or update your CocoaPods installation.\" >&2\n    exit 1\nfi\n# This output is used by Xcode 'outputs' to avoid re-running this script phase.\necho \"SUCCESS\" > \"${SCRIPT_OUTPUT_FILE_0}\"\n";
			showEnvVarsInLog = 0;
		};
		C0F5ABF1E04E571F3CB15A8C /* [CP] Embed Pods Frameworks */ = {
			isa = PBXShellScriptBuildPhase;
			buildActionMask = 2147483647;
			files = (
			);
			inputFileListPaths = (
				"${PODS_ROOT}/Target Support Files/Pods-R2020Bokete01/Pods-R2020Bokete01-frameworks-${CONFIGURATION}-input-files.xcfilelist",
			);
			name = "[CP] Embed Pods Frameworks";
			outputFileListPaths = (
				"${PODS_ROOT}/Target Support Files/Pods-R2020Bokete01/Pods-R2020Bokete01-frameworks-${CONFIGURATION}-output-files.xcfilelist",
			);
			runOnlyForDeploymentPostprocessing = 0;
			shellPath = /bin/sh;
			shellScript = "\"${PODS_ROOT}/Target Support Files/Pods-R2020Bokete01/Pods-R2020Bokete01-frameworks.sh\"\n";
			showEnvVarsInLog = 0;
		};
/* End PBXShellScriptBuildPhase section */

/* Begin PBXSourcesBuildPhase section */
		8D5BCA282492186400D263DA /* Sources */ = {
			isa = PBXSourcesBuildPhase;
			buildActionMask = 2147483647;
			files = (
				8D5BCA342492186400D263DA /* ViewController.swift in Sources */,
				8D5BCA302492186400D263DA /* AppDelegate.swift in Sources */,
				8D42C82E249270B7004DAD17 /* ShareViewController.swift in Sources */,
				8D5BCA322492186400D263DA /* SceneDelegate.swift in Sources */,
			);
			runOnlyForDeploymentPostprocessing = 0;
		};
/* End PBXSourcesBuildPhase section */

/* Begin PBXVariantGroup section */
		8D5BCA352492186400D263DA /* Main.storyboard */ = {
			isa = PBXVariantGroup;
			children = (
				8D5BCA362492186400D263DA /* Base */,
			);
			name = Main.storyboard;
			sourceTree = "<group>";
		};
		8D5BCA3A2492186700D263DA /* LaunchScreen.storyboard */ = {
			isa = PBXVariantGroup;
			children = (
				8D5BCA3B2492186700D263DA /* Base */,
			);
			name = LaunchScreen.storyboard;
			sourceTree = "<group>";
		};
/* End PBXVariantGroup section */

/* Begin XCBuildConfiguration section */
		8D5BCA3E2492186700D263DA /* Debug */ = {
			isa = XCBuildConfiguration;
			buildSettings = {
				ALWAYS_SEARCH_USER_PATHS = NO;
				CLANG_ANALYZER_NONNULL = YES;
				CLANG_ANALYZER_NUMBER_OBJECT_CONVERSION = YES_AGGRESSIVE;
				CLANG_CXX_LANGUAGE_STANDARD = "gnu++14";
				CLANG_CXX_LIBRARY = "libc++";
				CLANG_ENABLE_MODULES = YES;
				CLANG_ENABLE_OBJC_ARC = YES;
				CLANG_ENABLE_OBJC_WEAK = YES;
				CLANG_WARN_BLOCK_CAPTURE_AUTORELEASING = YES;
				CLANG_WARN_BOOL_CONVERSION = YES;
				CLANG_WARN_COMMA = YES;
				CLANG_WARN_CONSTANT_CONVERSION = YES;
				CLANG_WARN_DEPRECATED_OBJC_IMPLEMENTATIONS = YES;
				CLANG_WARN_DIRECT_OBJC_ISA_USAGE = YES_ERROR;
				CLANG_WARN_DOCUMENTATION_COMMENTS = YES;
				CLANG_WARN_EMPTY_BODY = YES;
				CLANG_WARN_ENUM_CONVERSION = YES;
				CLANG_WARN_INFINITE_RECURSION = YES;
				CLANG_WARN_INT_CONVERSION = YES;
				CLANG_WARN_NON_LITERAL_NULL_CONVERSION = YES;
				CLANG_WARN_OBJC_IMPLICIT_RETAIN_SELF = YES;
				CLANG_WARN_OBJC_LITERAL_CONVERSION = YES;
				CLANG_WARN_OBJC_ROOT_CLASS = YES_ERROR;
				CLANG_WARN_RANGE_LOOP_ANALYSIS = YES;
				CLANG_WARN_STRICT_PROTOTYPES = YES;
				CLANG_WARN_SUSPICIOUS_MOVE = YES;
				CLANG_WARN_UNGUARDED_AVAILABILITY = YES_AGGRESSIVE;
				CLANG_WARN_UNREACHABLE_CODE = YES;
				CLANG_WARN__DUPLICATE_METHOD_MATCH = YES;
				COPY_PHASE_STRIP = NO;
				DEBUG_INFORMATION_FORMAT = dwarf;
				ENABLE_STRICT_OBJC_MSGSEND = YES;
				ENABLE_TESTABILITY = YES;
				GCC_C_LANGUAGE_STANDARD = gnu11;
				GCC_DYNAMIC_NO_PIC = NO;
				GCC_NO_COMMON_BLOCKS = YES;
				GCC_OPTIMIZATION_LEVEL = 0;
				GCC_PREPROCESSOR_DEFINITIONS = (
					"DEBUG=1",
					"$(inherited)",
				);
				GCC_WARN_64_TO_32_BIT_CONVERSION = YES;
				GCC_WARN_ABOUT_RETURN_TYPE = YES_ERROR;
				GCC_WARN_UNDECLARED_SELECTOR = YES;
				GCC_WARN_UNINITIALIZED_AUTOS = YES_AGGRESSIVE;
				GCC_WARN_UNUSED_FUNCTION = YES;
				GCC_WARN_UNUSED_VARIABLE = YES;
				IPHONEOS_DEPLOYMENT_TARGET = 13.5;
				MTL_ENABLE_DEBUG_INFO = INCLUDE_SOURCE;
				MTL_FAST_MATH = YES;
				ONLY_ACTIVE_ARCH = YES;
				SDKROOT = iphoneos;
				SWIFT_ACTIVE_COMPILATION_CONDITIONS = DEBUG;
				SWIFT_OPTIMIZATION_LEVEL = "-Onone";
			};
			name = Debug;
		};
		8D5BCA3F2492186700D263DA /* Release */ = {
			isa = XCBuildConfiguration;
			buildSettings = {
				ALWAYS_SEARCH_USER_PATHS = NO;
				CLANG_ANALYZER_NONNULL = YES;
				CLANG_ANALYZER_NUMBER_OBJECT_CONVERSION = YES_AGGRESSIVE;
				CLANG_CXX_LANGUAGE_STANDARD = "gnu++14";
				CLANG_CXX_LIBRARY = "libc++";
				CLANG_ENABLE_MODULES = YES;
				CLANG_ENABLE_OBJC_ARC = YES;
				CLANG_ENABLE_OBJC_WEAK = YES;
				CLANG_WARN_BLOCK_CAPTURE_AUTORELEASING = YES;
				CLANG_WARN_BOOL_CONVERSION = YES;
				CLANG_WARN_COMMA = YES;
				CLANG_WARN_CONSTANT_CONVERSION = YES;
				CLANG_WARN_DEPRECATED_OBJC_IMPLEMENTATIONS = YES;
				CLANG_WARN_DIRECT_OBJC_ISA_USAGE = YES_ERROR;
				CLANG_WARN_DOCUMENTATION_COMMENTS = YES;
				CLANG_WARN_EMPTY_BODY = YES;
				CLANG_WARN_ENUM_CONVERSION = YES;
				CLANG_WARN_INFINITE_RECURSION = YES;
				CLANG_WARN_INT_CONVERSION = YES;
				CLANG_WARN_NON_LITERAL_NULL_CONVERSION = YES;
				CLANG_WARN_OBJC_IMPLICIT_RETAIN_SELF = YES;
				CLANG_WARN_OBJC_LITERAL_CONVERSION = YES;
				CLANG_WARN_OBJC_ROOT_CLASS = YES_ERROR;
				CLANG_WARN_RANGE_LOOP_ANALYSIS = YES;
				CLANG_WARN_STRICT_PROTOTYPES = YES;
				CLANG_WARN_SUSPICIOUS_MOVE = YES;
				CLANG_WARN_UNGUARDED_AVAILABILITY = YES_AGGRESSIVE;
				CLANG_WARN_UNREACHABLE_CODE = YES;
				CLANG_WARN__DUPLICATE_METHOD_MATCH = YES;
				COPY_PHASE_STRIP = NO;
				DEBUG_INFORMATION_FORMAT = "dwarf-with-dsym";
				ENABLE_NS_ASSERTIONS = NO;
				ENABLE_STRICT_OBJC_MSGSEND = YES;
				GCC_C_LANGUAGE_STANDARD = gnu11;
				GCC_NO_COMMON_BLOCKS = YES;
				GCC_WARN_64_TO_32_BIT_CONVERSION = YES;
				GCC_WARN_ABOUT_RETURN_TYPE = YES_ERROR;
				GCC_WARN_UNDECLARED_SELECTOR = YES;
				GCC_WARN_UNINITIALIZED_AUTOS = YES_AGGRESSIVE;
				GCC_WARN_UNUSED_FUNCTION = YES;
				GCC_WARN_UNUSED_VARIABLE = YES;
				IPHONEOS_DEPLOYMENT_TARGET = 13.5;
				MTL_ENABLE_DEBUG_INFO = NO;
				MTL_FAST_MATH = YES;
				SDKROOT = iphoneos;
				SWIFT_COMPILATION_MODE = wholemodule;
				SWIFT_OPTIMIZATION_LEVEL = "-O";
				VALIDATE_PRODUCT = YES;
			};
			name = Release;
		};
		8D5BCA412492186700D263DA /* Debug */ = {
			isa = XCBuildConfiguration;
			baseConfigurationReference = 76D944EF97E0A8DCC39B24D3 /* Pods-R2020Bokete01.debug.xcconfig */;
			buildSettings = {
				ASSETCATALOG_COMPILER_APPICON_NAME = AppIcon;
				CODE_SIGN_STYLE = Automatic;
				DEVELOPMENT_TEAM = XHN5S8Z76G;
				INFOPLIST_FILE = R2020Bokete01/Info.plist;
				LD_RUNPATH_SEARCH_PATHS = (
					"$(inherited)",
					"@executable_path/Frameworks",
				);
				PRODUCT_BUNDLE_IDENTIFIER = com.nifty.cbm01799.R2020Bokete01;
				PRODUCT_NAME = "$(TARGET_NAME)";
				SWIFT_VERSION = 5.0;
				TARGETED_DEVICE_FAMILY = 1;
			};
			name = Debug;
		};
		8D5BCA422492186700D263DA /* Release */ = {
			isa = XCBuildConfiguration;
			baseConfigurationReference = B2EE1EFBB60C461CB42E3750 /* Pods-R2020Bokete01.release.xcconfig */;
			buildSettings = {
				ASSETCATALOG_COMPILER_APPICON_NAME = AppIcon;
				CODE_SIGN_STYLE = Automatic;
				DEVELOPMENT_TEAM = XHN5S8Z76G;
				INFOPLIST_FILE = R2020Bokete01/Info.plist;
				LD_RUNPATH_SEARCH_PATHS = (
					"$(inherited)",
					"@executable_path/Frameworks",
				);
				PRODUCT_BUNDLE_IDENTIFIER = com.nifty.cbm01799.R2020Bokete01;
				PRODUCT_NAME = "$(TARGET_NAME)";
				SWIFT_VERSION = 5.0;
				TARGETED_DEVICE_FAMILY = 1;
			};
			name = Release;
		};
/* End XCBuildConfiguration section */

/* Begin XCConfigurationList section */
		8D5BCA272492186400D263DA /* Build configuration list for PBXProject "R2020Bokete01" */ = {
			isa = XCConfigurationList;
			buildConfigurations = (
				8D5BCA3E2492186700D263DA /* Debug */,
				8D5BCA3F2492186700D263DA /* Release */,
			);
			defaultConfigurationIsVisible = 0;
			defaultConfigurationName = Release;
		};
		8D5BCA402492186700D263DA /* Build configuration list for PBXNativeTarget "R2020Bokete01" */ = {
			isa = XCConfigurationList;
			buildConfigurations = (
				8D5BCA412492186700D263DA /* Debug */,
				8D5BCA422492186700D263DA /* Release */,
			);
			defaultConfigurationIsVisible = 0;
			defaultConfigurationName = Release;
		};
/* End XCConfigurationList section */
	};
	rootObject = 8D5BCA242492186400D263DA /* Project object */;
}
